
Microsoft Visual Studio Solution File, Format Version 12.00
# Visual Studio 15
VisualStudioVersion = 15.0.27703.2026
MinimumVisualStudioVersion = 10.0.40219.1
Project("{9A19103F-16F7-4668-BE54-9A1E7A4F7556}") = "Woof.Data.PostgreSQL", "Woof.Data.PostgreSQL.csproj", "{CD660C19-E2D5-49BF-AD66-17EECF57AD37}"
EndProject
Global
	GlobalSection(SolutionConfigurationPlatforms) = preSolution
		Debug|Any CPU = Debug|Any CPU
		Release|Any CPU = Release|Any CPU
	EndGlobalSection
	GlobalSection(ProjectConfigurationPlatforms) = postSolution
		{CD660C19-E2D5-49BF-AD66-17EECF57AD37}.Debug|Any CPU.ActiveCfg = Debug|Any CPU
		{CD660C19-E2D5-49BF-AD66-17EECF57AD37}.Debug|Any CPU.Build.0 = Debug|Any CPU
		{CD660C19-E2D5-49BF-AD66-17EECF57AD37}.Release|Any CPU.ActiveCfg = Release|Any CPU
		{CD660C19-E2D5-49BF-AD66-17EECF57AD37}.Release|Any CPU.Build.0 = Release|Any CPU
	EndGlobalSection
	GlobalSection(SolutionProperties) = preSolution
		HideSolutionNode = FALSE
	EndGlobalSection
	GlobalSection(ExtensibilityGlobals) = postSolution
		SolutionGuid = {DD7543AB-C296-4646-8D51-8A295C16B03A}
	EndGlobalSection
EndGlobal
